# This file is autogenerated, do not edit; changes may be undone by the next 'dep ensure'.


[[projects]]
  branch = "master"
  name = "github.com/eclipse/paho.mqtt.golang"
  packages = [".","packets"]
  revision = "720ed1a92c623623f00233e4bcd8d513d6e2fbe7"

[[projects]]
  name = "github.com/hemtjanst/hemtjanst"
  packages = ["device","messaging","messaging/flagmqtt"]
  revision = "1df4763d62e5d753ebdbed799f5865b3df0d31ab"
  version = "v0.3.2"

[[projects]]
  branch = "master"
  name = "github.com/lucasb-eyer/go-colorful"
  packages = ["."]
  revision = "231272389856c976b7500c4fffcc52ddf06ff4eb"

[[projects]]
  name = "github.com/satori/go.uuid"
  packages = ["."]
  revision = "f58768cc1a7a7e77a3bd49e98cdd21419399b6a3"
  version = "v1.2.0"

[[projects]]
  branch = "master"
  name = "golang.org/x/net"
  packages = ["proxy","websocket"]
  revision = "66aacef3dd8a676686c7ae3716979581e8b03c47"

[solve-meta]
  analyzer-name = "dep"
  analyzer-version = 1
  inputs-digest = "b16bdc0aedcd3f401c656e94e9d8430e3fa2f85c63a4231b279036c8bddd339a"
  solver-name = "gps-cdcl"
  solver-version = 1
